
Microsoft Visual Studio Solution File, Format Version 12.00
# Visual Studio Version 17
VisualStudioVersion = 17.2.32505.173
MinimumVisualStudioVersion = 10.0.40219.1
Project("{9A19103F-16F7-4668-BE54-9A1E7A4F7556}") = "BlazorHelloWorld", "BlazorHelloWorld\BlazorHelloWorld.csproj", "{CEDB968B-C981-4583-815E-E74BC4A9A4F2}"
EndProject
Global
	GlobalSection(SolutionConfigurationPlatforms) = preSolution
		Debug|Any CPU = Debug|Any CPU
		Release|Any CPU = Release|Any CPU
	EndGlobalSection
	GlobalSection(ProjectConfigurationPlatforms) = postSolution
		{CEDB968B-C981-4583-815E-E74BC4A9A4F2}.Debug|Any CPU.ActiveCfg = Debug|Any CPU
		{CEDB968B-C981-4583-815E-E74BC4A9A4F2}.Debug|Any CPU.Build.0 = Debug|Any CPU
		{CEDB968B-C981-4583-815E-E74BC4A9A4F2}.Release|Any CPU.ActiveCfg = Release|Any CPU
		{CEDB968B-C981-4583-815E-E74BC4A9A4F2}.Release|Any CPU.Build.0 = Release|Any CPU
	EndGlobalSection
	GlobalSection(SolutionProperties) = preSolution
		HideSolutionNode = FALSE
	EndGlobalSection
	GlobalSection(ExtensibilityGlobals) = postSolution
		SolutionGuid = {294E362A-EE88-41C1-9968-39EF8E04D99A}
	EndGlobalSection
EndGlobal
